// !$*UTF8*$!
{
	archiveVersion = 1;
	classes = {
	};
	objectVersion = 50;
	objects = {

/* Begin PBXBuildFile section */
		0627F1A1262590EF001641C2 /* MaterialManager.swift in Sources */ = {isa = PBXBuildFile; fileRef = 0627F19D26258A01001641C2 /* MaterialManager.swift */; };
		0627F1A4262590F1001641C2 /* Material.swift in Sources */ = {isa = PBXBuildFile; fileRef = 0627F19726258664001641C2 /* Material.swift */; };
		0627F1A82625A983001641C2 /* ARModel.swift in Sources */ = {isa = PBXBuildFile; fileRef = 0627F1A72625A983001641C2 /* ARModel.swift */; };
		0627F1AB2625AB07001641C2 /* ARManager.swift in Sources */ = {isa = PBXBuildFile; fileRef = 0627F1AA2625AB07001641C2 /* ARManager.swift */; };
		06520415260D8C9E00825577 /* MaterialViewController.swift in Sources */ = {isa = PBXBuildFile; fileRef = 06520414260D8C9E00825577 /* MaterialViewController.swift */; };
		06520418260D8CAA00825577 /* QuizViewController.swift in Sources */ = {isa = PBXBuildFile; fileRef = 06520417260D8CAA00825577 /* QuizViewController.swift */; };
		067E923A260CDC40004C0775 /* HomeViewController.swift in Sources */ = {isa = PBXBuildFile; fileRef = 067E9239260CDC40004C0775 /* HomeViewController.swift */; };
		06AE5AD3260F310500D85CED /* LearnViewController.swift in Sources */ = {isa = PBXBuildFile; fileRef = 06AE5AD2260F310500D85CED /* LearnViewController.swift */; };
		06B081ED2628357500505FD6 /* Question.swift in Sources */ = {isa = PBXBuildFile; fileRef = 06B081EC2628357500505FD6 /* Question.swift */; };
		06B081F02628358000505FD6 /* QuizManager.swift in Sources */ = {isa = PBXBuildFile; fileRef = 06B081EF2628358000505FD6 /* QuizManager.swift */; };
		06B081F326283D9F00505FD6 /* ResultViewController.swift in Sources */ = {isa = PBXBuildFile; fileRef = 06B081F226283D9F00505FD6 /* ResultViewController.swift */; };
		06B081FA26288AB300505FD6 /* HelpViewController.swift in Sources */ = {isa = PBXBuildFile; fileRef = 06B081F926288AB300505FD6 /* HelpViewController.swift */; };
		06D73219260D04960018CE75 /* Gilroy-Light.otf in Resources */ = {isa = PBXBuildFile; fileRef = 06D73218260D048C0018CE75 /* Gilroy-Light.otf */; };
		06D7321B260D04980018CE75 /* Gilroy-ExtraBold.otf in Resources */ = {isa = PBXBuildFile; fileRef = 06D73217260D048C0018CE75 /* Gilroy-ExtraBold.otf */; };
		06FF5D8A26026D3A0045D282 /* AppDelegate.swift in Sources */ = {isa = PBXBuildFile; fileRef = 06FF5D8926026D3A0045D282 /* AppDelegate.swift */; };
		06FF5D8C26026D3A0045D282 /* art.scnassets in Resources */ = {isa = PBXBuildFile; fileRef = 06FF5D8B26026D3A0045D282 /* art.scnassets */; };
		06FF5D8E26026D3A0045D282 /* ARViewController.swift in Sources */ = {isa = PBXBuildFile; fileRef = 06FF5D8D26026D3A0045D282 /* ARViewController.swift */; };
		06FF5D9126026D3A0045D282 /* Main.storyboard in Resources */ = {isa = PBXBuildFile; fileRef = 06FF5D8F26026D3A0045D282 /* Main.storyboard */; };
		06FF5D9326026D3B0045D282 /* Assets.xcassets in Resources */ = {isa = PBXBuildFile; fileRef = 06FF5D9226026D3B0045D282 /* Assets.xcassets */; };
		06FF5D9626026D3B0045D282 /* LaunchScreen.storyboard in Resources */ = {isa = PBXBuildFile; fileRef = 06FF5D9426026D3B0045D282 /* LaunchScreen.storyboard */; };
/* End PBXBuildFile section */

/* Begin PBXFileReference section */
		0627F19726258664001641C2 /* Material.swift */ = {isa = PBXFileReference; lastKnownFileType = sourcecode.swift; path = Material.swift; sourceTree = "<group>"; };
		0627F19D26258A01001641C2 /* MaterialManager.swift */ = {isa = PBXFileReference; lastKnownFileType = sourcecode.swift; path = MaterialManager.swift; sourceTree = "<group>"; };
		0627F1A72625A983001641C2 /* ARModel.swift */ = {isa = PBXFileReference; lastKnownFileType = sourcecode.swift; path = ARModel.swift; sourceTree = "<group>"; };
		0627F1AA2625AB07001641C2 /* ARManager.swift */ = {isa = PBXFileReference; lastKnownFileType = sourcecode.swift; path = ARManager.swift; sourceTree = "<group>"; };
		06520414260D8C9E00825577 /* MaterialViewController.swift */ = {isa = PBXFileReference; lastKnownFileType = sourcecode.swift; path = MaterialViewController.swift; sourceTree = "<group>"; };
		06520417260D8CAA00825577 /* QuizViewController.swift */ = {isa = PBXFileReference; lastKnownFileType = sourcecode.swift; path = QuizViewController.swift; sourceTree = "<group>"; };
		067E9239260CDC40004C0775 /* HomeViewController.swift */ = {isa = PBXFileReference; lastKnownFileType = sourcecode.swift; path = HomeViewController.swift; sourceTree = "<group>"; };
		06AE5AD2260F310500D85CED /* LearnViewController.swift */ = {isa = PBXFileReference; lastKnownFileType = sourcecode.swift; path = LearnViewController.swift; sourceTree = "<group>"; };
		06B081EC2628357500505FD6 /* Question.swift */ = {isa = PBXFileReference; lastKnownFileType = sourcecode.swift; path = Question.swift; sourceTree = "<group>"; };
		06B081EF2628358000505FD6 /* QuizManager.swift */ = {isa = PBXFileReference; lastKnownFileType = sourcecode.swift; path = QuizManager.swift; sourceTree = "<group>"; };
		06B081F226283D9F00505FD6 /* ResultViewController.swift */ = {isa = PBXFileReference; lastKnownFileType = sourcecode.swift; path = ResultViewController.swift; sourceTree = "<group>"; };
		06B081F926288AB300505FD6 /* HelpViewController.swift */ = {isa = PBXFileReference; lastKnownFileType = sourcecode.swift; path = HelpViewController.swift; sourceTree = "<group>"; };
		06D73217260D048C0018CE75 /* Gilroy-ExtraBold.otf */ = {isa = PBXFileReference; lastKnownFileType = file; path = "Gilroy-ExtraBold.otf"; sourceTree = "<group>"; };
		06D73218260D048C0018CE75 /* Gilroy-Light.otf */ = {isa = PBXFileReference; lastKnownFileType = file; path = "Gilroy-Light.otf"; sourceTree = "<group>"; };
		06FF5D8626026D3A0045D282 /* GeometryAR.app */ = {isa = PBXFileReference; explicitFileType = wrapper.application; includeInIndex = 0; path = GeometryAR.app; sourceTree = BUILT_PRODUCTS_DIR; };
		06FF5D8926026D3A0045D282 /* AppDelegate.swift */ = {isa = PBXFileReference; lastKnownFileType = sourcecode.swift; path = AppDelegate.swift; sourceTree = "<group>"; };
		06FF5D8B26026D3A0045D282 /* art.scnassets */ = {isa = PBXFileReference; lastKnownFileType = wrapper.scnassets; path = art.scnassets; sourceTree = "<group>"; };
		06FF5D8D26026D3A0045D282 /* ARViewController.swift */ = {isa = PBXFileReference; lastKnownFileType = sourcecode.swift; path = ARViewController.swift; sourceTree = "<group>"; };
		06FF5D9026026D3A0045D282 /* Base */ = {isa = PBXFileReference; lastKnownFileType = file.storyboard; name = Base; path = Base.lproj/Main.storyboard; sourceTree = "<group>"; };
		06FF5D9226026D3B0045D282 /* Assets.xcassets */ = {isa = PBXFileReference; lastKnownFileType = folder.assetcatalog; path = Assets.xcassets; sourceTree = "<group>"; };
		06FF5D9526026D3B0045D282 /* Base */ = {isa = PBXFileReference; lastKnownFileType = file.storyboard; name = Base; path = Base.lproj/LaunchScreen.storyboard; sourceTree = "<group>"; };
		06FF5D9726026D3B0045D282 /* Info.plist */ = {isa = PBXFileReference; lastKnownFileType = text.plist.xml; path = Info.plist; sourceTree = "<group>"; };
/* End PBXFileReference section */

/* Begin PBXFrameworksBuildPhase section */
		06FF5D8326026D390045D282 /* Frameworks */ = {
			isa = PBXFrameworksBuildPhase;
			buildActionMask = 2147483647;
			files = (
			);
			runOnlyForDeploymentPostprocessing = 0;
		};
/* End PBXFrameworksBuildPhase section */

/* Begin PBXGroup section */
		0627F19A26258848001641C2 /* Controller */ = {
			isa = PBXGroup;
			children = (
				06FF5D8D26026D3A0045D282 /* ARViewController.swift */,
				06520414260D8C9E00825577 /* MaterialViewController.swift */,
				067E9239260CDC40004C0775 /* HomeViewController.swift */,
				06520417260D8CAA00825577 /* QuizViewController.swift */,
				06AE5AD2260F310500D85CED /* LearnViewController.swift */,
				06B081F226283D9F00505FD6 /* ResultViewController.swift */,
				06B081F926288AB300505FD6 /* HelpViewController.swift */,
			);
			path = Controller;
			sourceTree = "<group>";
		};
		0627F19B26258899001641C2 /* Model */ = {
			isa = PBXGroup;
			children = (
				0627F19726258664001641C2 /* Material.swift */,
				0627F19D26258A01001641C2 /* MaterialManager.swift */,
				0627F1A72625A983001641C2 /* ARModel.swift */,
				0627F1AA2625AB07001641C2 /* ARManager.swift */,
				06B081EC2628357500505FD6 /* Question.swift */,
				06B081EF2628358000505FD6 /* QuizManager.swift */,
			);
			path = Model;
			sourceTree = "<group>";
		};
		06D73216260D04860018CE75 /* fonts */ = {
			isa = PBXGroup;
			children = (
				06D73217260D048C0018CE75 /* Gilroy-ExtraBold.otf */,
				06D73218260D048C0018CE75 /* Gilroy-Light.otf */,
			);
			path = fonts;
			sourceTree = "<group>";
		};
		06FF5D7D26026D390045D282 = {
			isa = PBXGroup;
			children = (
				06FF5D8826026D3A0045D282 /* GeometryAR */,
				06FF5D8726026D3A0045D282 /* Products */,
			);
			sourceTree = "<group>";
		};
		06FF5D8726026D3A0045D282 /* Products */ = {
			isa = PBXGroup;
			children = (
				06FF5D8626026D3A0045D282 /* GeometryAR.app */,
			);
			name = Products;
			sourceTree = "<group>";
		};
		06FF5D8826026D3A0045D282 /* GeometryAR */ = {
			isa = PBXGroup;
			children = (
				0627F19B26258899001641C2 /* Model */,
				0627F19A26258848001641C2 /* Controller */,
				06FF5D8F26026D3A0045D282 /* Main.storyboard */,
				06FF5D8926026D3A0045D282 /* AppDelegate.swift */,
				06FF5D8B26026D3A0045D282 /* art.scnassets */,
				06D73216260D04860018CE75 /* fonts */,
				06FF5D9226026D3B0045D282 /* Assets.xcassets */,
				06FF5D9426026D3B0045D282 /* LaunchScreen.storyboard */,
				06FF5D9726026D3B0045D282 /* Info.plist */,
			);
			path = GeometryAR;
			sourceTree = "<group>";
		};
/* End PBXGroup section */

/* Begin PBXNativeTarget section */
		06FF5D8526026D390045D282 /* GeometryAR */ = {
			isa = PBXNativeTarget;
			buildConfigurationList = 06FF5D9A26026D3B0045D282 /* Build configuration list for PBXNativeTarget "GeometryAR" */;
			buildPhases = (
				06FF5D8226026D390045D282 /* Sources */,
				06FF5D8326026D390045D282 /* Frameworks */,
				06FF5D8426026D390045D282 /* Resources */,
			);
			buildRules = (
			);
			dependencies = (
			);
			name = GeometryAR;
			productName = GeometryAR;
			productReference = 06FF5D8626026D3A0045D282 /* GeometryAR.app */;
			productType = "com.apple.product-type.application";
		};
/* End PBXNativeTarget section */

/* Begin PBXProject section */
		06FF5D7E26026D390045D282 /* Project object */ = {
			isa = PBXProject;
			attributes = {
				LastSwiftUpdateCheck = 1240;
				LastUpgradeCheck = 1240;
				TargetAttributes = {
					06FF5D8526026D390045D282 = {
						CreatedOnToolsVersion = 12.4;
					};
				};
			};
			buildConfigurationList = 06FF5D8126026D390045D282 /* Build configuration list for PBXProject "GeometryAR" */;
			compatibilityVersion = "Xcode 9.3";
			developmentRegion = en;
			hasScannedForEncodings = 0;
			knownRegions = (
				en,
				Base,
			);
			mainGroup = 06FF5D7D26026D390045D282;
			productRefGroup = 06FF5D8726026D3A0045D282 /* Products */;
			projectDirPath = "";
			projectRoot = "";
			targets = (
				06FF5D8526026D390045D282 /* GeometryAR */,
			);
		};
/* End PBXProject section */

/* Begin PBXResourcesBuildPhase section */
		06FF5D8426026D390045D282 /* Resources */ = {
			isa = PBXResourcesBuildPhase;
			buildActionMask = 2147483647;
			files = (
				06FF5D8C26026D3A0045D282 /* art.scnassets in Resources */,
				06D73219260D04960018CE75 /* Gilroy-Light.otf in Resources */,
				06FF5D9626026D3B0045D282 /* LaunchScreen.storyboard in Resources */,
				06D7321B260D04980018CE75 /* Gilroy-ExtraBold.otf in Resources */,
				06FF5D9326026D3B0045D282 /* Assets.xcassets in Resources */,
				06FF5D9126026D3A0045D282 /* Main.storyboard in Resources */,
			);
			runOnlyForDeploymentPostprocessing = 0;
		};
/* End PBXResourcesBuildPhase section */

/* Begin PBXSourcesBuildPhase section */
		06FF5D8226026D390045D282 /* Sources */ = {
			isa = PBXSourcesBuildPhase;
			buildActionMask = 2147483647;
			files = (
				06B081F326283D9F00505FD6 /* ResultViewController.swift in Sources */,
				0627F1A4262590F1001641C2 /* Material.swift in Sources */,
				06FF5D8E26026D3A0045D282 /* ARViewController.swift in Sources */,
				06520418260D8CAA00825577 /* QuizViewController.swift in Sources */,
				06520415260D8C9E00825577 /* MaterialViewController.swift in Sources */,
				06B081F02628358000505FD6 /* QuizManager.swift in Sources */,
				0627F1AB2625AB07001641C2 /* ARManager.swift in Sources */,
				06B081FA26288AB300505FD6 /* HelpViewController.swift in Sources */,
				06AE5AD3260F310500D85CED /* LearnViewController.swift in Sources */,
				06FF5D8A26026D3A0045D282 /* AppDelegate.swift in Sources */,
				0627F1A82625A983001641C2 /* ARModel.swift in Sources */,
				0627F1A1262590EF001641C2 /* MaterialManager.swift in Sources */,
				06B081ED2628357500505FD6 /* Question.swift in Sources */,
				067E923A260CDC40004C0775 /* HomeViewController.swift in Sources */,
			);
			runOnlyForDeploymentPostprocessing = 0;
		};
/* End PBXSourcesBuildPhase section */

/* Begin PBXVariantGroup section */
		06FF5D8F26026D3A0045D282 /* Main.storyboard */ = {
			isa = PBXVariantGroup;
			children = (
				06FF5D9026026D3A0045D282 /* Base */,
			);
			name = Main.storyboard;
			sourceTree = "<group>";
		};
		06FF5D9426026D3B0045D282 /* LaunchScreen.storyboard */ = {
			isa = PBXVariantGroup;
			children = (
				06FF5D9526026D3B0045D282 /* Base */,
			);
			name = LaunchScreen.storyboard;
			sourceTree = "<group>";
		};
/* End PBXVariantGroup section */

/* Begin XCBuildConfiguration section */
		06FF5D9826026D3B0045D282 /* Debug */ = {
			isa = XCBuildConfiguration;
			buildSettings = {
				ALWAYS_SEARCH_USER_PATHS = NO;
				CLANG_ANALYZER_NONNULL = YES;
				CLANG_ANALYZER_NUMBER_OBJECT_CONVERSION = YES_AGGRESSIVE;
				CLANG_CXX_LANGUAGE_STANDARD = "gnu++14";
				CLANG_CXX_LIBRARY = "libc++";
				CLANG_ENABLE_MODULES = YES;
				CLANG_ENABLE_OBJC_ARC = YES;
				CLANG_ENABLE_OBJC_WEAK = YES;
				CLANG_WARN_BLOCK_CAPTURE_AUTORELEASING = YES;
				CLANG_WARN_BOOL_CONVERSION = YES;
				CLANG_WARN_COMMA = YES;
				CLANG_WARN_CONSTANT_CONVERSION = YES;
				CLANG_WARN_DEPRECATED_OBJC_IMPLEMENTATIONS = YES;
				CLANG_WARN_DIRECT_OBJC_ISA_USAGE = YES_ERROR;
				CLANG_WARN_DOCUMENTATION_COMMENTS = YES;
				CLANG_WARN_EMPTY_BODY = YES;
				CLANG_WARN_ENUM_CONVERSION = YES;
				CLANG_WARN_INFINITE_RECURSION = YES;
				CLANG_WARN_INT_CONVERSION = YES;
				CLANG_WARN_NON_LITERAL_NULL_CONVERSION = YES;
				CLANG_WARN_OBJC_IMPLICIT_RETAIN_SELF = YES;
				CLANG_WARN_OBJC_LITERAL_CONVERSION = YES;
				CLANG_WARN_OBJC_ROOT_CLASS = YES_ERROR;
				CLANG_WARN_QUOTED_INCLUDE_IN_FRAMEWORK_HEADER = YES;
				CLANG_WARN_RANGE_LOOP_ANALYSIS = YES;
				CLANG_WARN_STRICT_PROTOTYPES = YES;
				CLANG_WARN_SUSPICIOUS_MOVE = YES;
				CLANG_WARN_UNGUARDED_AVAILABILITY = YES_AGGRESSIVE;
				CLANG_WARN_UNREACHABLE_CODE = YES;
				CLANG_WARN__DUPLICATE_METHOD_MATCH = YES;
				COPY_PHASE_STRIP = NO;
				DEBUG_INFORMATION_FORMAT = dwarf;
				ENABLE_STRICT_OBJC_MSGSEND = YES;
				ENABLE_TESTABILITY = YES;
				GCC_C_LANGUAGE_STANDARD = gnu11;
				GCC_DYNAMIC_NO_PIC = NO;
				GCC_NO_COMMON_BLOCKS = YES;
				GCC_OPTIMIZATION_LEVEL = 0;
				GCC_PREPROCESSOR_DEFINITIONS = (
					"DEBUG=1",
					"$(inherited)",
				);
				GCC_WARN_64_TO_32_BIT_CONVERSION = YES;
				GCC_WARN_ABOUT_RETURN_TYPE = YES_ERROR;
				GCC_WARN_UNDECLARED_SELECTOR = YES;
				GCC_WARN_UNINITIALIZED_AUTOS = YES_AGGRESSIVE;
				GCC_WARN_UNUSED_FUNCTION = YES;
				GCC_WARN_UNUSED_VARIABLE = YES;
				IPHONEOS_DEPLOYMENT_TARGET = 14.4;
				MTL_ENABLE_DEBUG_INFO = INCLUDE_SOURCE;
				MTL_FAST_MATH = YES;
				ONLY_ACTIVE_ARCH = YES;
				SDKROOT = iphoneos;
				SWIFT_ACTIVE_COMPILATION_CONDITIONS = DEBUG;
				SWIFT_OPTIMIZATION_LEVEL = "-Onone";
			};
			name = Debug;
		};
		06FF5D9926026D3B0045D282 /* Release */ = {
			isa = XCBuildConfiguration;
			buildSettings = {
				ALWAYS_SEARCH_USER_PATHS = NO;
				CLANG_ANALYZER_NONNULL = YES;
				CLANG_ANALYZER_NUMBER_OBJECT_CONVERSION = YES_AGGRESSIVE;
				CLANG_CXX_LANGUAGE_STANDARD = "gnu++14";
				CLANG_CXX_LIBRARY = "libc++";
				CLANG_ENABLE_MODULES = YES;
				CLANG_ENABLE_OBJC_ARC = YES;
				CLANG_ENABLE_OBJC_WEAK = YES;
				CLANG_WARN_BLOCK_CAPTURE_AUTORELEASING = YES;
				CLANG_WARN_BOOL_CONVERSION = YES;
				CLANG_WARN_COMMA = YES;
				CLANG_WARN_CONSTANT_CONVERSION = YES;
				CLANG_WARN_DEPRECATED_OBJC_IMPLEMENTATIONS = YES;
				CLANG_WARN_DIRECT_OBJC_ISA_USAGE = YES_ERROR;
				CLANG_WARN_DOCUMENTATION_COMMENTS = YES;
				CLANG_WARN_EMPTY_BODY = YES;
				CLANG_WARN_ENUM_CONVERSION = YES;
				CLANG_WARN_INFINITE_RECURSION = YES;
				CLANG_WARN_INT_CONVERSION = YES;
				CLANG_WARN_NON_LITERAL_NULL_CONVERSION = YES;
				CLANG_WARN_OBJC_IMPLICIT_RETAIN_SELF = YES;
				CLANG_WARN_OBJC_LITERAL_CONVERSION = YES;
				CLANG_WARN_OBJC_ROOT_CLASS = YES_ERROR;
				CLANG_WARN_QUOTED_INCLUDE_IN_FRAMEWORK_HEADER = YES;
				CLANG_WARN_RANGE_LOOP_ANALYSIS = YES;
				CLANG_WARN_STRICT_PROTOTYPES = YES;
				CLANG_WARN_SUSPICIOUS_MOVE = YES;
				CLANG_WARN_UNGUARDED_AVAILABILITY = YES_AGGRESSIVE;
				CLANG_WARN_UNREACHABLE_CODE = YES;
				CLANG_WARN__DUPLICATE_METHOD_MATCH = YES;
				COPY_PHASE_STRIP = NO;
				DEBUG_INFORMATION_FORMAT = "dwarf-with-dsym";
				ENABLE_NS_ASSERTIONS = NO;
				ENABLE_STRICT_OBJC_MSGSEND = YES;
				GCC_C_LANGUAGE_STANDARD = gnu11;
				GCC_NO_COMMON_BLOCKS = YES;
				GCC_WARN_64_TO_32_BIT_CONVERSION = YES;
				GCC_WARN_ABOUT_RETURN_TYPE = YES_ERROR;
				GCC_WARN_UNDECLARED_SELECTOR = YES;
				GCC_WARN_UNINITIALIZED_AUTOS = YES_AGGRESSIVE;
				GCC_WARN_UNUSED_FUNCTION = YES;
				GCC_WARN_UNUSED_VARIABLE = YES;
				IPHONEOS_DEPLOYMENT_TARGET = 14.4;
				MTL_ENABLE_DEBUG_INFO = NO;
				MTL_FAST_MATH = YES;
				SDKROOT = iphoneos;
				SWIFT_COMPILATION_MODE = wholemodule;
				SWIFT_OPTIMIZATION_LEVEL = "-O";
				VALIDATE_PRODUCT = YES;
			};
			name = Release;
		};
		06FF5D9B26026D3B0045D282 /* Debug */ = {
			isa = XCBuildConfiguration;
			buildSettings = {
				ASSETCATALOG_COMPILER_APPICON_NAME = AppIcon;
				ASSETCATALOG_COMPILER_GLOBAL_ACCENT_COLOR_NAME = AccentColor;
				CODE_SIGN_STYLE = Automatic;
				DEVELOPMENT_TEAM = 5TG98Z4BLJ;
				INFOPLIST_FILE = GeometryAR/Info.plist;
				IPHONEOS_DEPLOYMENT_TARGET = 13.6;
				LD_RUNPATH_SEARCH_PATHS = (
					"$(inherited)",
					"@executable_path/Frameworks",
				);
				PRODUCT_BUNDLE_IDENTIFIER = com.luthfi.GeometryAR;
				PRODUCT_NAME = "$(TARGET_NAME)";
				SWIFT_VERSION = 5.0;
				TARGETED_DEVICE_FAMILY = 1;
			};
			name = Debug;
		};
		06FF5D9C26026D3B0045D282 /* Release */ = {
			isa = XCBuildConfiguration;
			buildSettings = {
				ASSETCATALOG_COMPILER_APPICON_NAME = AppIcon;
				ASSETCATALOG_COMPILER_GLOBAL_ACCENT_COLOR_NAME = AccentColor;
				CODE_SIGN_STYLE = Automatic;
				DEVELOPMENT_TEAM = 5TG98Z4BLJ;
				INFOPLIST_FILE = GeometryAR/Info.plist;
				IPHONEOS_DEPLOYMENT_TARGET = 13.6;
				LD_RUNPATH_SEARCH_PATHS = (
					"$(inherited)",
					"@executable_path/Frameworks",
				);
				PRODUCT_BUNDLE_IDENTIFIER = com.luthfi.GeometryAR;
				PRODUCT_NAME = "$(TARGET_NAME)";
				SWIFT_VERSION = 5.0;
				TARGETED_DEVICE_FAMILY = 1;
			};
			name = Release;
		};
/* End XCBuildConfiguration section */

/* Begin XCConfigurationList section */
		06FF5D8126026D390045D282 /* Build configuration list for PBXProject "GeometryAR" */ = {
			isa = XCConfigurationList;
			buildConfigurations = (
				06FF5D9826026D3B0045D282 /* Debug */,
				06FF5D9926026D3B0045D282 /* Release */,
			);
			defaultConfigurationIsVisible = 0;
			defaultConfigurationName = Release;
		};
		06FF5D9A26026D3B0045D282 /* Build configuration list for PBXNativeTarget "GeometryAR" */ = {
			isa = XCConfigurationList;
			buildConfigurations = (
				06FF5D9B26026D3B0045D282 /* Debug */,
				06FF5D9C26026D3B0045D282 /* Release */,
			);
			defaultConfigurationIsVisible = 0;
			defaultConfigurationName = Release;
		};
/* End XCConfigurationList section */
	};
	rootObject = 06FF5D7E26026D390045D282 /* Project object */;
}
